// !$*UTF8*$!
{
	archiveVersion = 1;
	classes = {
	};
	objectVersion = 46;
	objects = {

/* Begin PBXBuildFile section */
		6287ECB91D2275C600CC44E1 /* main.c in Sources */ = {isa = PBXBuildFile; fileRef = 6287ECB81D2275C600CC44E1 /* main.c */; };
/* End PBXBuildFile section */

/* Begin PBXCopyFilesBuildPhase section */
		6287ECB31D2275C600CC44E1 /* CopyFiles */ = {
			isa = PBXCopyFilesBuildPhase;
			buildActionMask = 2147483647;
			dstPath = /usr/share/man/man1/;
			dstSubfolderSpec = 0;
			files = (
			);
			runOnlyForDeploymentPostprocessing = 1;
		};
/* End PBXCopyFilesBuildPhase section */

/* Begin PBXFileReference section */
		6287ECB51D2275C600CC44E1 /* iOSVNCServer */ = {isa = PBXFileReference; explicitFileType = "compiled.mach-o.executable"; includeInIndex = 0; path = iOSVNCServer; sourceTree = BUILT_PRODUCTS_DIR; };
		6287ECB81D2275C600CC44E1 /* main.c */ = {isa = PBXFileReference; lastKnownFileType = sourcecode.c.c; path = main.c; sourceTree = "<group>"; };
		6287ECC41D227D2200CC44E1 /* Makefile */ = {isa = PBXFileReference; lastKnownFileType = sourcecode.make; path = Makefile; sourceTree = "<group>"; };
		6287ECC51D227EE000CC44E1 /* libimobiledevice_screenshot_test.c */ = {isa = PBXFileReference; fileEncoding = 4; lastKnownFileType = sourcecode.c.c; path = libimobiledevice_screenshot_test.c; sourceTree = "<group>"; };
/* End PBXFileReference section */

/* Begin PBXFrameworksBuildPhase section */
		6287ECB21D2275C600CC44E1 /* Frameworks */ = {
			isa = PBXFrameworksBuildPhase;
			buildActionMask = 2147483647;
			files = (
			);
			runOnlyForDeploymentPostprocessing = 0;
		};
/* End PBXFrameworksBuildPhase section */

/* Begin PBXGroup section */
		6287ECAC1D2275C600CC44E1 = {
			isa = PBXGroup;
			children = (
				6287ECB71D2275C600CC44E1 /* iOSVNCServer */,
				6287ECB61D2275C600CC44E1 /* Products */,
			);
			sourceTree = "<group>";
		};
		6287ECB61D2275C600CC44E1 /* Products */ = {
			isa = PBXGroup;
			children = (
				6287ECB51D2275C600CC44E1 /* iOSVNCServer */,
			);
			name = Products;
			sourceTree = "<group>";
		};
		6287ECB71D2275C600CC44E1 /* iOSVNCServer */ = {
			isa = PBXGroup;
			children = (
				6287ECB81D2275C600CC44E1 /* main.c */,
				6287ECC31D227D2200CC44E1 /* test */,
			);
			path = iOSVNCServer;
			sourceTree = "<group>";
		};
		6287ECC31D227D2200CC44E1 /* test */ = {
			isa = PBXGroup;
			children = (
				6287ECC41D227D2200CC44E1 /* Makefile */,
				6287ECC51D227EE000CC44E1 /* libimobiledevice_screenshot_test.c */,
			);
			path = test;
			sourceTree = "<group>";
		};
/* End PBXGroup section */

/* Begin PBXLegacyTarget section */
		6229E7001D23B2A10021C8C7 /* test */ = {
			isa = PBXLegacyTarget;
			buildArgumentsString = "$(ACTION)";
			buildConfigurationList = 6229E7031D23B2A10021C8C7 /* Build configuration list for PBXLegacyTarget "test" */;
			buildPhases = (
			);
			buildToolPath = /usr/bin/make;
			buildWorkingDirectory = /Users/pietrasm/Developer/TestingBot/iOSVNCServer/iOSVNCServer/test;
			dependencies = (
			);
			name = test;
			passBuildSettingsInEnvironment = 0;
			productName = test;
		};
/* End PBXLegacyTarget section */

/* Begin PBXNativeTarget section */
		6287ECB41D2275C600CC44E1 /* iOSVNCServer */ = {
			isa = PBXNativeTarget;
			buildConfigurationList = 6287ECBC1D2275C600CC44E1 /* Build configuration list for PBXNativeTarget "iOSVNCServer" */;
			buildPhases = (
				6287ECB11D2275C600CC44E1 /* Sources */,
				6287ECB21D2275C600CC44E1 /* Frameworks */,
				6287ECB31D2275C600CC44E1 /* CopyFiles */,
			);
			buildRules = (
			);
			dependencies = (
			);
			name = iOSVNCServer;
			productName = iOSVNCServer;
			productReference = 6287ECB51D2275C600CC44E1 /* iOSVNCServer */;
			productType = "com.apple.product-type.tool";
		};
/* End PBXNativeTarget section */

/* Begin PBXProject section */
		6287ECAD1D2275C600CC44E1 /* Project object */ = {
			isa = PBXProject;
			attributes = {
				LastUpgradeCheck = 0730;
				ORGANIZATIONNAME = TestingBot;
				TargetAttributes = {
					6229E7001D23B2A10021C8C7 = {
						CreatedOnToolsVersion = 7.3.1;
					};
					6287ECB41D2275C600CC44E1 = {
						CreatedOnToolsVersion = 7.3.1;
					};
				};
			};
			buildConfigurationList = 6287ECB01D2275C600CC44E1 /* Build configuration list for PBXProject "iOSVNCServer" */;
			compatibilityVersion = "Xcode 3.2";
			developmentRegion = English;
			hasScannedForEncodings = 0;
			knownRegions = (
				en,
			);
			mainGroup = 6287ECAC1D2275C600CC44E1;
			productRefGroup = 6287ECB61D2275C600CC44E1 /* Products */;
			projectDirPath = "";
			projectRoot = "";
			targets = (
				6287ECB41D2275C600CC44E1 /* iOSVNCServer */,
				6229E7001D23B2A10021C8C7 /* test */,
			);
		};
/* End PBXProject section */

/* Begin PBXSourcesBuildPhase section */
		6287ECB11D2275C600CC44E1 /* Sources */ = {
			isa = PBXSourcesBuildPhase;
			buildActionMask = 2147483647;
			files = (
				6287ECB91D2275C600CC44E1 /* main.c in Sources */,
			);
			runOnlyForDeploymentPostprocessing = 0;
		};
/* End PBXSourcesBuildPhase section */

/* Begin XCBuildConfiguration section */
		6229E7011D23B2A10021C8C7 /* Debug */ = {
			isa = XCBuildConfiguration;
			buildSettings = {
				DEBUGGING_SYMBOLS = YES;
				DEBUG_INFORMATION_FORMAT = dwarf;
				GCC_GENERATE_DEBUGGING_SYMBOLS = YES;
				GCC_OPTIMIZATION_LEVEL = 0;
				OTHER_CFLAGS = "";
				OTHER_LDFLAGS = "";
				PRODUCT_NAME = "$(TARGET_NAME)";
			};
			name = Debug;
		};
		6229E7021D23B2A10021C8C7 /* Release */ = {
			isa = XCBuildConfiguration;
			buildSettings = {
				DEBUG_INFORMATION_FORMAT = "dwarf-with-dsym";
				OTHER_CFLAGS = "";
				OTHER_LDFLAGS = "";
				PRODUCT_NAME = "$(TARGET_NAME)";
			};
			name = Release;
		};
		6287ECBA1D2275C600CC44E1 /* Debug */ = {
			isa = XCBuildConfiguration;
			buildSettings = {
				ALWAYS_SEARCH_USER_PATHS = NO;
				CLANG_ANALYZER_NONNULL = YES;
				CLANG_CXX_LANGUAGE_STANDARD = "gnu++0x";
				CLANG_CXX_LIBRARY = "libc++";
				CLANG_ENABLE_MODULES = YES;
				CLANG_ENABLE_OBJC_ARC = YES;
				CLANG_WARN_BOOL_CONVERSION = YES;
				CLANG_WARN_CONSTANT_CONVERSION = YES;
				CLANG_WARN_DIRECT_OBJC_ISA_USAGE = YES_ERROR;
				CLANG_WARN_EMPTY_BODY = YES;
				CLANG_WARN_ENUM_CONVERSION = YES;
				CLANG_WARN_INT_CONVERSION = YES;
				CLANG_WARN_OBJC_ROOT_CLASS = YES_ERROR;
				CLANG_WARN_UNREACHABLE_CODE = YES;
				CLANG_WARN__DUPLICATE_METHOD_MATCH = YES;
				CODE_SIGN_IDENTITY = "-";
				COPY_PHASE_STRIP = NO;
				DEBUG_INFORMATION_FORMAT = dwarf;
				ENABLE_STRICT_OBJC_MSGSEND = YES;
				ENABLE_TESTABILITY = YES;
				GCC_C_LANGUAGE_STANDARD = gnu99;
				GCC_DYNAMIC_NO_PIC = NO;
				GCC_NO_COMMON_BLOCKS = YES;
				GCC_OPTIMIZATION_LEVEL = 0;
				GCC_PREPROCESSOR_DEFINITIONS = (
					"DEBUG=1",
					"$(inherited)",
				);
				GCC_WARN_64_TO_32_BIT_CONVERSION = YES;
				GCC_WARN_ABOUT_RETURN_TYPE = YES_ERROR;
				GCC_WARN_UNDECLARED_SELECTOR = YES;
				GCC_WARN_UNINITIALIZED_AUTOS = YES_AGGRESSIVE;
				GCC_WARN_UNUSED_FUNCTION = YES;
				GCC_WARN_UNUSED_VARIABLE = YES;
				MACOSX_DEPLOYMENT_TARGET = 10.11;
				MTL_ENABLE_DEBUG_INFO = YES;
				ONLY_ACTIVE_ARCH = YES;
				SDKROOT = macosx;
			};
			name = Debug;
		};
		6287ECBB1D2275C600CC44E1 /* Release */ = {
			isa = XCBuildConfiguration;
			buildSettings = {
				ALWAYS_SEARCH_USER_PATHS = NO;
				CLANG_ANALYZER_NONNULL = YES;
				CLANG_CXX_LANGUAGE_STANDARD = "gnu++0x";
				CLANG_CXX_LIBRARY = "libc++";
				CLANG_ENABLE_MODULES = YES;
				CLANG_ENABLE_OBJC_ARC = YES;
				CLANG_WARN_BOOL_CONVERSION = YES;
				CLANG_WARN_CONSTANT_CONVERSION = YES;
				CLANG_WARN_DIRECT_OBJC_ISA_USAGE = YES_ERROR;
				CLANG_WARN_EMPTY_BODY = YES;
				CLANG_WARN_ENUM_CONVERSION = YES;
				CLANG_WARN_INT_CONVERSION = YES;
				CLANG_WARN_OBJC_ROOT_CLASS = YES_ERROR;
				CLANG_WARN_UNREACHABLE_CODE = YES;
				CLANG_WARN__DUPLICATE_METHOD_MATCH = YES;
				CODE_SIGN_IDENTITY = "-";
				COPY_PHASE_STRIP = NO;
				DEBUG_INFORMATION_FORMAT = "dwarf-with-dsym";
				ENABLE_NS_ASSERTIONS = NO;
				ENABLE_STRICT_OBJC_MSGSEND = YES;
				GCC_C_LANGUAGE_STANDARD = gnu99;
				GCC_NO_COMMON_BLOCKS = YES;
				GCC_WARN_64_TO_32_BIT_CONVERSION = YES;
				GCC_WARN_ABOUT_RETURN_TYPE = YES_ERROR;
				GCC_WARN_UNDECLARED_SELECTOR = YES;
				GCC_WARN_UNINITIALIZED_AUTOS = YES_AGGRESSIVE;
				GCC_WARN_UNUSED_FUNCTION = YES;
				GCC_WARN_UNUSED_VARIABLE = YES;
				MACOSX_DEPLOYMENT_TARGET = 10.11;
				MTL_ENABLE_DEBUG_INFO = NO;
				SDKROOT = macosx;
			};
			name = Release;
		};
		6287ECBD1D2275C600CC44E1 /* Debug */ = {
			isa = XCBuildConfiguration;
			buildSettings = {
				PRODUCT_NAME = "$(TARGET_NAME)";
			};
			name = Debug;
		};
		6287ECBE1D2275C600CC44E1 /* Release */ = {
			isa = XCBuildConfiguration;
			buildSettings = {
				PRODUCT_NAME = "$(TARGET_NAME)";
			};
			name = Release;
		};
/* End XCBuildConfiguration section */

/* Begin XCConfigurationList section */
		6229E7031D23B2A10021C8C7 /* Build configuration list for PBXLegacyTarget "test" */ = {
			isa = XCConfigurationList;
			buildConfigurations = (
				6229E7011D23B2A10021C8C7 /* Debug */,
				6229E7021D23B2A10021C8C7 /* Release */,
			);
			defaultConfigurationIsVisible = 0;
		};
		6287ECB01D2275C600CC44E1 /* Build configuration list for PBXProject "iOSVNCServer" */ = {
			isa = XCConfigurationList;
			buildConfigurations = (
				6287ECBA1D2275C600CC44E1 /* Debug */,
				6287ECBB1D2275C600CC44E1 /* Release */,
			);
			defaultConfigurationIsVisible = 0;
			defaultConfigurationName = Release;
		};
		6287ECBC1D2275C600CC44E1 /* Build configuration list for PBXNativeTarget "iOSVNCServer" */ = {
			isa = XCConfigurationList;
			buildConfigurations = (
				6287ECBD1D2275C600CC44E1 /* Debug */,
				6287ECBE1D2275C600CC44E1 /* Release */,
			);
			defaultConfigurationIsVisible = 0;
			defaultConfigurationName = Release;
		};
/* End XCConfigurationList section */
	};
	rootObject = 6287ECAD1D2275C600CC44E1 /* Project object */;
}
